
Microsoft Visual Studio Solution File, Format Version 12.00
# Visual Studio Version 17
VisualStudioVersion = 17.13.35931.197 d17.13
MinimumVisualStudioVersion = 10.0.40219.1
Project("{FAE04EC0-301F-11D3-BF4B-00C04F79EFBC}") = "Aula02", "Aula02.csproj", "{0E344DD7-C1DC-4262-A272-83CAC5CB8FBC}"
EndProject
Global
	GlobalSection(SolutionConfigurationPlatforms) = preSolution
		Debug|Any CPU = Debug|Any CPU
		Release|Any CPU = Release|Any CPU
	EndGlobalSection
	GlobalSection(ProjectConfigurationPlatforms) = postSolution
		{0E344DD7-C1DC-4262-A272-83CAC5CB8FBC}.Debug|Any CPU.ActiveCfg = Debug|Any CPU
		{0E344DD7-C1DC-4262-A272-83CAC5CB8FBC}.Debug|Any CPU.Build.0 = Debug|Any CPU
		{0E344DD7-C1DC-4262-A272-83CAC5CB8FBC}.Release|Any CPU.ActiveCfg = Release|Any CPU
		{0E344DD7-C1DC-4262-A272-83CAC5CB8FBC}.Release|Any CPU.Build.0 = Release|Any CPU
	EndGlobalSection
	GlobalSection(SolutionProperties) = preSolution
		HideSolutionNode = FALSE
	EndGlobalSection
	GlobalSection(ExtensibilityGlobals) = postSolution
		SolutionGuid = {440E9E6D-C47D-4B64-9938-144E141BEA1B}
	EndGlobalSection
EndGlobal
